
Microsoft Visual Studio Solution File, Format Version 12.00
# Visual Studio Version 17
VisualStudioVersion = 17.9.34701.34
MinimumVisualStudioVersion = 10.0.40219.1
Project("{9A19103F-16F7-4668-BE54-9A1E7A4F7556}") = "AzureMLSDK", "AzureMLSDK\AzureMLSDK.csproj", "{407C22B3-8827-4148-8934-084750467CC4}"
EndProject
Project("{9A19103F-16F7-4668-BE54-9A1E7A4F7556}") = "scriptinCsharp", "scriptinCsharp\scriptinCsharp.csproj", "{340D676E-74AE-4675-85A8-5C10A270D932}"
EndProject
Project("{9A19103F-16F7-4668-BE54-9A1E7A4F7556}") = "AsyncTest", "AsyncTest\AsyncTest.csproj", "{E4D3C6EB-363C-4B94-91D0-AF5AC81A08A3}"
EndProject
Project("{9A19103F-16F7-4668-BE54-9A1E7A4F7556}") = "CosmosWideTablePoc", "CosmosWideTablePoc\CosmosWideTablePoc.csproj", "{640642F8-A567-4908-B207-5DC25DDAA0D5}"
EndProject
Project("{9A19103F-16F7-4668-BE54-9A1E7A4F7556}") = "RegexTest", "RegexTest\RegexTest.csproj", "{1EEA297E-F505-4F50-94ED-6C36345F70E0}"
EndProject
Project("{9A19103F-16F7-4668-BE54-9A1E7A4F7556}") = "KustoTest", "KustoTest\KustoTest.csproj", "{948EEBB6-6EE1-451E-8FDF-E40E7B2A876C}"
EndProject
Project("{2150E333-8FDC-42A3-9474-1A3956D46DE8}") = "Solution Items", "Solution Items", "{364718AE-AC9B-49E5-B435-FD9E97DF5DB0}"
	ProjectSection(SolutionItems) = preProject
		.editorconfig = .editorconfig
	EndProjectSection
EndProject
Global
	GlobalSection(SolutionConfigurationPlatforms) = preSolution
		Debug|Any CPU = Debug|Any CPU
		Release|Any CPU = Release|Any CPU
	EndGlobalSection
	GlobalSection(ProjectConfigurationPlatforms) = postSolution
		{407C22B3-8827-4148-8934-084750467CC4}.Debug|Any CPU.ActiveCfg = Debug|Any CPU
		{407C22B3-8827-4148-8934-084750467CC4}.Debug|Any CPU.Build.0 = Debug|Any CPU
		{407C22B3-8827-4148-8934-084750467CC4}.Release|Any CPU.ActiveCfg = Release|Any CPU
		{407C22B3-8827-4148-8934-084750467CC4}.Release|Any CPU.Build.0 = Release|Any CPU
		{340D676E-74AE-4675-85A8-5C10A270D932}.Debug|Any CPU.ActiveCfg = Debug|Any CPU
		{340D676E-74AE-4675-85A8-5C10A270D932}.Debug|Any CPU.Build.0 = Debug|Any CPU
		{340D676E-74AE-4675-85A8-5C10A270D932}.Release|Any CPU.ActiveCfg = Release|Any CPU
		{340D676E-74AE-4675-85A8-5C10A270D932}.Release|Any CPU.Build.0 = Release|Any CPU
		{E4D3C6EB-363C-4B94-91D0-AF5AC81A08A3}.Debug|Any CPU.ActiveCfg = Debug|Any CPU
		{E4D3C6EB-363C-4B94-91D0-AF5AC81A08A3}.Debug|Any CPU.Build.0 = Debug|Any CPU
		{E4D3C6EB-363C-4B94-91D0-AF5AC81A08A3}.Release|Any CPU.ActiveCfg = Release|Any CPU
		{E4D3C6EB-363C-4B94-91D0-AF5AC81A08A3}.Release|Any CPU.Build.0 = Release|Any CPU
		{640642F8-A567-4908-B207-5DC25DDAA0D5}.Debug|Any CPU.ActiveCfg = Debug|Any CPU
		{640642F8-A567-4908-B207-5DC25DDAA0D5}.Debug|Any CPU.Build.0 = Debug|Any CPU
		{640642F8-A567-4908-B207-5DC25DDAA0D5}.Release|Any CPU.ActiveCfg = Release|Any CPU
		{640642F8-A567-4908-B207-5DC25DDAA0D5}.Release|Any CPU.Build.0 = Release|Any CPU
		{1EEA297E-F505-4F50-94ED-6C36345F70E0}.Debug|Any CPU.ActiveCfg = Debug|Any CPU
		{1EEA297E-F505-4F50-94ED-6C36345F70E0}.Debug|Any CPU.Build.0 = Debug|Any CPU
		{1EEA297E-F505-4F50-94ED-6C36345F70E0}.Release|Any CPU.ActiveCfg = Release|Any CPU
		{1EEA297E-F505-4F50-94ED-6C36345F70E0}.Release|Any CPU.Build.0 = Release|Any CPU
		{948EEBB6-6EE1-451E-8FDF-E40E7B2A876C}.Debug|Any CPU.ActiveCfg = Debug|Any CPU
		{948EEBB6-6EE1-451E-8FDF-E40E7B2A876C}.Debug|Any CPU.Build.0 = Debug|Any CPU
		{948EEBB6-6EE1-451E-8FDF-E40E7B2A876C}.Release|Any CPU.ActiveCfg = Release|Any CPU
		{948EEBB6-6EE1-451E-8FDF-E40E7B2A876C}.Release|Any CPU.Build.0 = Release|Any CPU
	EndGlobalSection
	GlobalSection(SolutionProperties) = preSolution
		HideSolutionNode = FALSE
	EndGlobalSection
	GlobalSection(ExtensibilityGlobals) = postSolution
		SolutionGuid = {4B008422-1B13-4A59-A046-0A9E480EE869}
	EndGlobalSection
EndGlobal
